
Microsoft Visual Studio Solution File, Format Version 12.00
# Visual Studio Version 17
VisualStudioVersion = 17.8.34322.80
MinimumVisualStudioVersion = 10.0.40219.1
Project("{FAE04EC0-301F-11D3-BF4B-00C04F79EFBC}") = "TodoListNew", "TodoListNew.csproj", "{09EBEE8D-8D62-4DA9-844A-36E87B7BC2AE}"
EndProject
Global
	GlobalSection(SolutionConfigurationPlatforms) = preSolution
		Debug|Any CPU = Debug|Any CPU
		Release|Any CPU = Release|Any CPU
	EndGlobalSection
	GlobalSection(ProjectConfigurationPlatforms) = postSolution
		{09EBEE8D-8D62-4DA9-844A-36E87B7BC2AE}.Debug|Any CPU.ActiveCfg = Debug|Any CPU
		{09EBEE8D-8D62-4DA9-844A-36E87B7BC2AE}.Debug|Any CPU.Build.0 = Debug|Any CPU
		{09EBEE8D-8D62-4DA9-844A-36E87B7BC2AE}.Debug|Any CPU.Deploy.0 = Debug|Any CPU
		{09EBEE8D-8D62-4DA9-844A-36E87B7BC2AE}.Release|Any CPU.ActiveCfg = Release|Any CPU
		{09EBEE8D-8D62-4DA9-844A-36E87B7BC2AE}.Release|Any CPU.Build.0 = Release|Any CPU
		{09EBEE8D-8D62-4DA9-844A-36E87B7BC2AE}.Release|Any CPU.Deploy.0 = Release|Any CPU
	EndGlobalSection
	GlobalSection(SolutionProperties) = preSolution
		HideSolutionNode = FALSE
	EndGlobalSection
	GlobalSection(ExtensibilityGlobals) = postSolution
		SolutionGuid = {9EE524C4-F73D-4C4B-981C-90A871A4885C}
	EndGlobalSection
EndGlobal
